
Microsoft Visual Studio Solution File, Format Version 12.00
# Visual Studio Version 17
VisualStudioVersion = 17.13.35828.75 d17.13
MinimumVisualStudioVersion = 10.0.40219.1
Project("{FAE04EC0-301F-11D3-BF4B-00C04F79EFBC}") = "IPRMetadata", "IPRMetadata.csproj", "{CF2B0392-6571-488E-849A-8A300B0A117D}"
EndProject
Global
	GlobalSection(SolutionConfigurationPlatforms) = preSolution
		Debug|Any CPU = Debug|Any CPU
		Release|Any CPU = Release|Any CPU
	EndGlobalSection
	GlobalSection(ProjectConfigurationPlatforms) = postSolution
		{CF2B0392-6571-488E-849A-8A300B0A117D}.Debug|Any CPU.ActiveCfg = Debug|Any CPU
		{CF2B0392-6571-488E-849A-8A300B0A117D}.Debug|Any CPU.Build.0 = Debug|Any CPU
		{CF2B0392-6571-488E-849A-8A300B0A117D}.Release|Any CPU.ActiveCfg = Release|Any CPU
		{CF2B0392-6571-488E-849A-8A300B0A117D}.Release|Any CPU.Build.0 = Release|Any CPU
	EndGlobalSection
	GlobalSection(SolutionProperties) = preSolution
		HideSolutionNode = FALSE
	EndGlobalSection
	GlobalSection(ExtensibilityGlobals) = postSolution
		SolutionGuid = {8447E683-76B7-48B1-B695-5D9E299FB65F}
	EndGlobalSection
EndGlobal
